// !$*UTF8*$!
{
	archiveVersion = 1;
	classes = {
	};
	objectVersion = 56;
	objects = {

/* Begin PBXBuildFile section */
		B022AEC028E2E3D6005CC33B /* DailyForecastTableViewCell.swift in Sources */ = {isa = PBXBuildFile; fileRef = B022AEBF28E2E3D6005CC33B /* DailyForecastTableViewCell.swift */; };
		B022AEC228E2E416005CC33B /* ForecastCollectionViewCell.swift in Sources */ = {isa = PBXBuildFile; fileRef = B022AEC128E2E416005CC33B /* ForecastCollectionViewCell.swift */; };
		B04766E328DB6DF900EE5675 /* AppDelegate.swift in Sources */ = {isa = PBXBuildFile; fileRef = B04766E228DB6DF900EE5675 /* AppDelegate.swift */; };
		B04766E528DB6DF900EE5675 /* SceneDelegate.swift in Sources */ = {isa = PBXBuildFile; fileRef = B04766E428DB6DF900EE5675 /* SceneDelegate.swift */; };
		B04766E728DB6DF900EE5675 /* WeatherViewController.swift in Sources */ = {isa = PBXBuildFile; fileRef = B04766E628DB6DF900EE5675 /* WeatherViewController.swift */; };
		B04766EA28DB6DF900EE5675 /* Main.storyboard in Resources */ = {isa = PBXBuildFile; fileRef = B04766E828DB6DF900EE5675 /* Main.storyboard */; };
		B04766EC28DB6DFC00EE5675 /* Assets.xcassets in Resources */ = {isa = PBXBuildFile; fileRef = B04766EB28DB6DFC00EE5675 /* Assets.xcassets */; };
		B04766EF28DB6DFC00EE5675 /* LaunchScreen.storyboard in Resources */ = {isa = PBXBuildFile; fileRef = B04766ED28DB6DFC00EE5675 /* LaunchScreen.storyboard */; };
		B06F018228E198DF00B9FA8E /* WeatherInLocation.swift in Sources */ = {isa = PBXBuildFile; fileRef = B06F018128E198DF00B9FA8E /* WeatherInLocation.swift */; };
		B06F018828E1E76B00B9FA8E /* DailyWeatherTableViewCell.swift in Sources */ = {isa = PBXBuildFile; fileRef = B06F018728E1E76B00B9FA8E /* DailyWeatherTableViewCell.swift */; };
		B06F018B28E2025E00B9FA8E /* RxCocoa in Frameworks */ = {isa = PBXBuildFile; productRef = B06F018A28E2025E00B9FA8E /* RxCocoa */; };
		B06F018D28E2025E00B9FA8E /* RxSwift in Frameworks */ = {isa = PBXBuildFile; productRef = B06F018C28E2025E00B9FA8E /* RxSwift */; };
		B06F018F28E2043000B9FA8E /* WeatherViewModel.swift in Sources */ = {isa = PBXBuildFile; fileRef = B06F018E28E2043000B9FA8E /* WeatherViewModel.swift */; };
		B0B9CACD28DC445D008FB885 /* Extensions.swift in Sources */ = {isa = PBXBuildFile; fileRef = B0B9CACC28DC445D008FB885 /* Extensions.swift */; };
		B0B9CACF28DC5672008FB885 /* MapViewController.swift in Sources */ = {isa = PBXBuildFile; fileRef = B0B9CACE28DC5672008FB885 /* MapViewController.swift */; };
		B0B9CAD528DCA7B0008FB885 /* Alamofire in Frameworks */ = {isa = PBXBuildFile; productRef = B0B9CAD428DCA7B0008FB885 /* Alamofire */; };
		B0B9CAD728DCA837008FB885 /* APIManager.swift in Sources */ = {isa = PBXBuildFile; fileRef = B0B9CAD628DCA837008FB885 /* APIManager.swift */; };
		B0B9CAD928DCA994008FB885 /* AlamofireAPIManager.swift in Sources */ = {isa = PBXBuildFile; fileRef = B0B9CAD828DCA994008FB885 /* AlamofireAPIManager.swift */; };
		B0B9CADC28DCBC70008FB885 /* WeatherRequestParameters.swift in Sources */ = {isa = PBXBuildFile; fileRef = B0B9CADB28DCBC70008FB885 /* WeatherRequestParameters.swift */; };
		B0B9CADE28DCC276008FB885 /* WeatherRequestResponse.swift in Sources */ = {isa = PBXBuildFile; fileRef = B0B9CADD28DCC276008FB885 /* WeatherRequestResponse.swift */; };
		B0B9CAE028DCC3ED008FB885 /* City.swift in Sources */ = {isa = PBXBuildFile; fileRef = B0B9CADF28DCC3ED008FB885 /* City.swift */; };
		B0B9CAE228DCC4F3008FB885 /* WeatherTimeStamp.swift in Sources */ = {isa = PBXBuildFile; fileRef = B0B9CAE128DCC4F3008FB885 /* WeatherTimeStamp.swift */; };
		B0B9CAE428DCC720008FB885 /* Weather.swift in Sources */ = {isa = PBXBuildFile; fileRef = B0B9CAE328DCC720008FB885 /* Weather.swift */; };
		B0B9CAE628DCCA46008FB885 /* Temperature.swift in Sources */ = {isa = PBXBuildFile; fileRef = B0B9CAE528DCCA46008FB885 /* Temperature.swift */; };
		B0B9CAE828DCCB18008FB885 /* Wind.swift in Sources */ = {isa = PBXBuildFile; fileRef = B0B9CAE728DCCB18008FB885 /* Wind.swift */; };
		B0B9CAEA28DCCD7D008FB885 /* WeatherAPIService.swift in Sources */ = {isa = PBXBuildFile; fileRef = B0B9CAE928DCCD7D008FB885 /* WeatherAPIService.swift */; };
/* End PBXBuildFile section */

/* Begin PBXFileReference section */
		B022AEBF28E2E3D6005CC33B /* DailyForecastTableViewCell.swift */ = {isa = PBXFileReference; lastKnownFileType = sourcecode.swift; path = DailyForecastTableViewCell.swift; sourceTree = "<group>"; };
		B022AEC128E2E416005CC33B /* ForecastCollectionViewCell.swift */ = {isa = PBXFileReference; lastKnownFileType = sourcecode.swift; path = ForecastCollectionViewCell.swift; sourceTree = "<group>"; };
		B04766DF28DB6DF900EE5675 /* WeatherApp.app */ = {isa = PBXFileReference; explicitFileType = wrapper.application; includeInIndex = 0; path = WeatherApp.app; sourceTree = BUILT_PRODUCTS_DIR; };
		B04766E228DB6DF900EE5675 /* AppDelegate.swift */ = {isa = PBXFileReference; lastKnownFileType = sourcecode.swift; path = AppDelegate.swift; sourceTree = "<group>"; };
		B04766E428DB6DF900EE5675 /* SceneDelegate.swift */ = {isa = PBXFileReference; lastKnownFileType = sourcecode.swift; path = SceneDelegate.swift; sourceTree = "<group>"; };
		B04766E628DB6DF900EE5675 /* WeatherViewController.swift */ = {isa = PBXFileReference; lastKnownFileType = sourcecode.swift; path = WeatherViewController.swift; sourceTree = "<group>"; };
		B04766E928DB6DF900EE5675 /* Base */ = {isa = PBXFileReference; lastKnownFileType = file.storyboard; name = Base; path = Base.lproj/Main.storyboard; sourceTree = "<group>"; };
		B04766EB28DB6DFC00EE5675 /* Assets.xcassets */ = {isa = PBXFileReference; lastKnownFileType = folder.assetcatalog; path = Assets.xcassets; sourceTree = "<group>"; };
		B04766EE28DB6DFC00EE5675 /* Base */ = {isa = PBXFileReference; lastKnownFileType = file.storyboard; name = Base; path = Base.lproj/LaunchScreen.storyboard; sourceTree = "<group>"; };
		B04766F028DB6DFC00EE5675 /* Info.plist */ = {isa = PBXFileReference; lastKnownFileType = text.plist.xml; path = Info.plist; sourceTree = "<group>"; };
		B06F018128E198DF00B9FA8E /* WeatherInLocation.swift */ = {isa = PBXFileReference; lastKnownFileType = sourcecode.swift; path = WeatherInLocation.swift; sourceTree = "<group>"; };
		B06F018728E1E76B00B9FA8E /* DailyWeatherTableViewCell.swift */ = {isa = PBXFileReference; lastKnownFileType = sourcecode.swift; path = DailyWeatherTableViewCell.swift; sourceTree = "<group>"; };
		B06F018E28E2043000B9FA8E /* WeatherViewModel.swift */ = {isa = PBXFileReference; lastKnownFileType = sourcecode.swift; path = WeatherViewModel.swift; sourceTree = "<group>"; };
		B0B9CACC28DC445D008FB885 /* Extensions.swift */ = {isa = PBXFileReference; lastKnownFileType = sourcecode.swift; path = Extensions.swift; sourceTree = "<group>"; };
		B0B9CACE28DC5672008FB885 /* MapViewController.swift */ = {isa = PBXFileReference; lastKnownFileType = sourcecode.swift; path = MapViewController.swift; sourceTree = "<group>"; };
		B0B9CAD628DCA837008FB885 /* APIManager.swift */ = {isa = PBXFileReference; lastKnownFileType = sourcecode.swift; path = APIManager.swift; sourceTree = "<group>"; };
		B0B9CAD828DCA994008FB885 /* AlamofireAPIManager.swift */ = {isa = PBXFileReference; lastKnownFileType = sourcecode.swift; path = AlamofireAPIManager.swift; sourceTree = "<group>"; };
		B0B9CADB28DCBC70008FB885 /* WeatherRequestParameters.swift */ = {isa = PBXFileReference; lastKnownFileType = sourcecode.swift; path = WeatherRequestParameters.swift; sourceTree = "<group>"; };
		B0B9CADD28DCC276008FB885 /* WeatherRequestResponse.swift */ = {isa = PBXFileReference; lastKnownFileType = sourcecode.swift; path = WeatherRequestResponse.swift; sourceTree = "<group>"; };
		B0B9CADF28DCC3ED008FB885 /* City.swift */ = {isa = PBXFileReference; lastKnownFileType = sourcecode.swift; path = City.swift; sourceTree = "<group>"; };
		B0B9CAE128DCC4F3008FB885 /* WeatherTimeStamp.swift */ = {isa = PBXFileReference; lastKnownFileType = sourcecode.swift; path = WeatherTimeStamp.swift; sourceTree = "<group>"; };
		B0B9CAE328DCC720008FB885 /* Weather.swift */ = {isa = PBXFileReference; lastKnownFileType = sourcecode.swift; path = Weather.swift; sourceTree = "<group>"; };
		B0B9CAE528DCCA46008FB885 /* Temperature.swift */ = {isa = PBXFileReference; lastKnownFileType = sourcecode.swift; path = Temperature.swift; sourceTree = "<group>"; };
		B0B9CAE728DCCB18008FB885 /* Wind.swift */ = {isa = PBXFileReference; lastKnownFileType = sourcecode.swift; path = Wind.swift; sourceTree = "<group>"; };
		B0B9CAE928DCCD7D008FB885 /* WeatherAPIService.swift */ = {isa = PBXFileReference; lastKnownFileType = sourcecode.swift; path = WeatherAPIService.swift; sourceTree = "<group>"; };
/* End PBXFileReference section */

/* Begin PBXFrameworksBuildPhase section */
		B04766DC28DB6DF900EE5675 /* Frameworks */ = {
			isa = PBXFrameworksBuildPhase;
			buildActionMask = 2147483647;
			files = (
				B06F018D28E2025E00B9FA8E /* RxSwift in Frameworks */,
				B06F018B28E2025E00B9FA8E /* RxCocoa in Frameworks */,
				B0B9CAD528DCA7B0008FB885 /* Alamofire in Frameworks */,
			);
			runOnlyForDeploymentPostprocessing = 0;
		};
/* End PBXFrameworksBuildPhase section */

/* Begin PBXGroup section */
		B022AEC328E30B98005CC33B /* TableCells */ = {
			isa = PBXGroup;
			children = (
				B06F018728E1E76B00B9FA8E /* DailyWeatherTableViewCell.swift */,
				B022AEBF28E2E3D6005CC33B /* DailyForecastTableViewCell.swift */,
				B022AEC128E2E416005CC33B /* ForecastCollectionViewCell.swift */,
			);
			path = TableCells;
			sourceTree = "<group>";
		};
		B04766D628DB6DF900EE5675 = {
			isa = PBXGroup;
			children = (
				B04766E128DB6DF900EE5675 /* WeatherApp */,
				B04766E028DB6DF900EE5675 /* Products */,
			);
			sourceTree = "<group>";
		};
		B04766E028DB6DF900EE5675 /* Products */ = {
			isa = PBXGroup;
			children = (
				B04766DF28DB6DF900EE5675 /* WeatherApp.app */,
			);
			name = Products;
			sourceTree = "<group>";
		};
		B04766E128DB6DF900EE5675 /* WeatherApp */ = {
			isa = PBXGroup;
			children = (
				B0B9CADA28DCBC3E008FB885 /* Models */,
				B0B9CAD228DCA75D008FB885 /* Services */,
				B04766F628DB72D800EE5675 /* Supporting Files */,
				B06F019128E23A7D00B9FA8E /* ViewModels */,
				B0B9CAD028DCA600008FB885 /* Controllers */,
				B04766F728DB72FA00EE5675 /* Storyboards */,
				B04766EB28DB6DFC00EE5675 /* Assets.xcassets */,
				B04766F028DB6DFC00EE5675 /* Info.plist */,
			);
			path = WeatherApp;
			sourceTree = "<group>";
		};
		B04766F628DB72D800EE5675 /* Supporting Files */ = {
			isa = PBXGroup;
			children = (
				B0B9CACC28DC445D008FB885 /* Extensions.swift */,
				B04766E228DB6DF900EE5675 /* AppDelegate.swift */,
				B04766E428DB6DF900EE5675 /* SceneDelegate.swift */,
			);
			path = "Supporting Files";
			sourceTree = "<group>";
		};
		B04766F728DB72FA00EE5675 /* Storyboards */ = {
			isa = PBXGroup;
			children = (
				B04766E828DB6DF900EE5675 /* Main.storyboard */,
				B04766ED28DB6DFC00EE5675 /* LaunchScreen.storyboard */,
			);
			path = Storyboards;
			sourceTree = "<group>";
		};
		B06F018328E199B700B9FA8E /* API Models */ = {
			isa = PBXGroup;
			children = (
				B06F018428E199EA00B9FA8E /* Request */,
				B06F019028E23A2000B9FA8E /* Response */,
			);
			path = "API Models";
			sourceTree = "<group>";
		};
		B06F018428E199EA00B9FA8E /* Request */ = {
			isa = PBXGroup;
			children = (
				B0B9CADD28DCC276008FB885 /* WeatherRequestResponse.swift */,
				B0B9CADB28DCBC70008FB885 /* WeatherRequestParameters.swift */,
			);
			path = Request;
			sourceTree = "<group>";
		};
		B06F019028E23A2000B9FA8E /* Response */ = {
			isa = PBXGroup;
			children = (
				B0B9CADF28DCC3ED008FB885 /* City.swift */,
				B0B9CAE728DCCB18008FB885 /* Wind.swift */,
				B0B9CAE528DCCA46008FB885 /* Temperature.swift */,
				B0B9CAE328DCC720008FB885 /* Weather.swift */,
				B0B9CAE128DCC4F3008FB885 /* WeatherTimeStamp.swift */,
			);
			path = Response;
			sourceTree = "<group>";
		};
		B06F019128E23A7D00B9FA8E /* ViewModels */ = {
			isa = PBXGroup;
			children = (
				B06F018E28E2043000B9FA8E /* WeatherViewModel.swift */,
			);
			path = ViewModels;
			sourceTree = "<group>";
		};
		B0B9CAD028DCA600008FB885 /* Controllers */ = {
			isa = PBXGroup;
			children = (
				B0B9CAD128DCA610008FB885 /* Weather */,
				B0B9CACE28DC5672008FB885 /* MapViewController.swift */,
			);
			path = Controllers;
			sourceTree = "<group>";
		};
		B0B9CAD128DCA610008FB885 /* Weather */ = {
			isa = PBXGroup;
			children = (
				B04766E628DB6DF900EE5675 /* WeatherViewController.swift */,
				B022AEC328E30B98005CC33B /* TableCells */,
			);
			path = Weather;
			sourceTree = "<group>";
		};
		B0B9CAD228DCA75D008FB885 /* Services */ = {
			isa = PBXGroup;
			children = (
				B0B9CAD628DCA837008FB885 /* APIManager.swift */,
				B0B9CAD828DCA994008FB885 /* AlamofireAPIManager.swift */,
				B0B9CAE928DCCD7D008FB885 /* WeatherAPIService.swift */,
			);
			path = Services;
			sourceTree = "<group>";
		};
		B0B9CADA28DCBC3E008FB885 /* Models */ = {
			isa = PBXGroup;
			children = (
				B06F018128E198DF00B9FA8E /* WeatherInLocation.swift */,
				B06F018328E199B700B9FA8E /* API Models */,
			);
			path = Models;
			sourceTree = "<group>";
		};
/* End PBXGroup section */

/* Begin PBXNativeTarget section */
		B04766DE28DB6DF900EE5675 /* WeatherApp */ = {
			isa = PBXNativeTarget;
			buildConfigurationList = B04766F328DB6DFC00EE5675 /* Build configuration list for PBXNativeTarget "WeatherApp" */;
			buildPhases = (
				B04766DB28DB6DF900EE5675 /* Sources */,
				B04766DC28DB6DF900EE5675 /* Frameworks */,
				B04766DD28DB6DF900EE5675 /* Resources */,
			);
			buildRules = (
			);
			dependencies = (
			);
			name = WeatherApp;
			packageProductDependencies = (
				B0B9CAD428DCA7B0008FB885 /* Alamofire */,
				B06F018A28E2025E00B9FA8E /* RxCocoa */,
				B06F018C28E2025E00B9FA8E /* RxSwift */,
			);
			productName = WeatherApp;
			productReference = B04766DF28DB6DF900EE5675 /* WeatherApp.app */;
			productType = "com.apple.product-type.application";
		};
/* End PBXNativeTarget section */

/* Begin PBXProject section */
		B04766D728DB6DF900EE5675 /* Project object */ = {
			isa = PBXProject;
			attributes = {
				BuildIndependentTargetsInParallel = 1;
				LastSwiftUpdateCheck = 1400;
				LastUpgradeCheck = 1400;
				TargetAttributes = {
					B04766DE28DB6DF900EE5675 = {
						CreatedOnToolsVersion = 14.0;
					};
				};
			};
			buildConfigurationList = B04766DA28DB6DF900EE5675 /* Build configuration list for PBXProject "WeatherApp" */;
			compatibilityVersion = "Xcode 14.0";
			developmentRegion = en;
			hasScannedForEncodings = 0;
			knownRegions = (
				en,
				Base,
			);
			mainGroup = B04766D628DB6DF900EE5675;
			packageReferences = (
				B0B9CAD328DCA7B0008FB885 /* XCRemoteSwiftPackageReference "Alamofire" */,
				B06F018928E2025E00B9FA8E /* XCRemoteSwiftPackageReference "RxSwift" */,
			);
			productRefGroup = B04766E028DB6DF900EE5675 /* Products */;
			projectDirPath = "";
			projectRoot = "";
			targets = (
				B04766DE28DB6DF900EE5675 /* WeatherApp */,
			);
		};
/* End PBXProject section */

/* Begin PBXResourcesBuildPhase section */
		B04766DD28DB6DF900EE5675 /* Resources */ = {
			isa = PBXResourcesBuildPhase;
			buildActionMask = 2147483647;
			files = (
				B04766EF28DB6DFC00EE5675 /* LaunchScreen.storyboard in Resources */,
				B04766EC28DB6DFC00EE5675 /* Assets.xcassets in Resources */,
				B04766EA28DB6DF900EE5675 /* Main.storyboard in Resources */,
			);
			runOnlyForDeploymentPostprocessing = 0;
		};
/* End PBXResourcesBuildPhase section */

/* Begin PBXSourcesBuildPhase section */
		B04766DB28DB6DF900EE5675 /* Sources */ = {
			isa = PBXSourcesBuildPhase;
			buildActionMask = 2147483647;
			files = (
				B0B9CAEA28DCCD7D008FB885 /* WeatherAPIService.swift in Sources */,
				B04766E728DB6DF900EE5675 /* WeatherViewController.swift in Sources */,
				B0B9CAE228DCC4F3008FB885 /* WeatherTimeStamp.swift in Sources */,
				B0B9CAD928DCA994008FB885 /* AlamofireAPIManager.swift in Sources */,
				B0B9CACF28DC5672008FB885 /* MapViewController.swift in Sources */,
				B0B9CACD28DC445D008FB885 /* Extensions.swift in Sources */,
				B0B9CADC28DCBC70008FB885 /* WeatherRequestParameters.swift in Sources */,
				B022AEC028E2E3D6005CC33B /* DailyForecastTableViewCell.swift in Sources */,
				B0B9CADE28DCC276008FB885 /* WeatherRequestResponse.swift in Sources */,
				B04766E328DB6DF900EE5675 /* AppDelegate.swift in Sources */,
				B0B9CAE428DCC720008FB885 /* Weather.swift in Sources */,
				B0B9CAE028DCC3ED008FB885 /* City.swift in Sources */,
				B04766E528DB6DF900EE5675 /* SceneDelegate.swift in Sources */,
				B0B9CAE828DCCB18008FB885 /* Wind.swift in Sources */,
				B06F018828E1E76B00B9FA8E /* DailyWeatherTableViewCell.swift in Sources */,
				B06F018F28E2043000B9FA8E /* WeatherViewModel.swift in Sources */,
				B0B9CAE628DCCA46008FB885 /* Temperature.swift in Sources */,
				B0B9CAD728DCA837008FB885 /* APIManager.swift in Sources */,
				B022AEC228E2E416005CC33B /* ForecastCollectionViewCell.swift in Sources */,
				B06F018228E198DF00B9FA8E /* WeatherInLocation.swift in Sources */,
			);
			runOnlyForDeploymentPostprocessing = 0;
		};
/* End PBXSourcesBuildPhase section */

/* Begin PBXVariantGroup section */
		B04766E828DB6DF900EE5675 /* Main.storyboard */ = {
			isa = PBXVariantGroup;
			children = (
				B04766E928DB6DF900EE5675 /* Base */,
			);
			name = Main.storyboard;
			sourceTree = "<group>";
		};
		B04766ED28DB6DFC00EE5675 /* LaunchScreen.storyboard */ = {
			isa = PBXVariantGroup;
			children = (
				B04766EE28DB6DFC00EE5675 /* Base */,
			);
			name = LaunchScreen.storyboard;
			sourceTree = "<group>";
		};
/* End PBXVariantGroup section */

/* Begin XCBuildConfiguration section */
		B04766F128DB6DFC00EE5675 /* Debug */ = {
			isa = XCBuildConfiguration;
			buildSettings = {
				ALWAYS_SEARCH_USER_PATHS = NO;
				CLANG_ANALYZER_NONNULL = YES;
				CLANG_ANALYZER_NUMBER_OBJECT_CONVERSION = YES_AGGRESSIVE;
				CLANG_CXX_LANGUAGE_STANDARD = "gnu++20";
				CLANG_ENABLE_MODULES = YES;
				CLANG_ENABLE_OBJC_ARC = YES;
				CLANG_ENABLE_OBJC_WEAK = YES;
				CLANG_WARN_BLOCK_CAPTURE_AUTORELEASING = YES;
				CLANG_WARN_BOOL_CONVERSION = YES;
				CLANG_WARN_COMMA = YES;
				CLANG_WARN_CONSTANT_CONVERSION = YES;
				CLANG_WARN_DEPRECATED_OBJC_IMPLEMENTATIONS = YES;
				CLANG_WARN_DIRECT_OBJC_ISA_USAGE = YES_ERROR;
				CLANG_WARN_DOCUMENTATION_COMMENTS = YES;
				CLANG_WARN_EMPTY_BODY = YES;
				CLANG_WARN_ENUM_CONVERSION = YES;
				CLANG_WARN_INFINITE_RECURSION = YES;
				CLANG_WARN_INT_CONVERSION = YES;
				CLANG_WARN_NON_LITERAL_NULL_CONVERSION = YES;
				CLANG_WARN_OBJC_IMPLICIT_RETAIN_SELF = YES;
				CLANG_WARN_OBJC_LITERAL_CONVERSION = YES;
				CLANG_WARN_OBJC_ROOT_CLASS = YES_ERROR;
				CLANG_WARN_QUOTED_INCLUDE_IN_FRAMEWORK_HEADER = YES;
				CLANG_WARN_RANGE_LOOP_ANALYSIS = YES;
				CLANG_WARN_STRICT_PROTOTYPES = YES;
				CLANG_WARN_SUSPICIOUS_MOVE = YES;
				CLANG_WARN_UNGUARDED_AVAILABILITY = YES_AGGRESSIVE;
				CLANG_WARN_UNREACHABLE_CODE = YES;
				CLANG_WARN__DUPLICATE_METHOD_MATCH = YES;
				COPY_PHASE_STRIP = NO;
				DEBUG_INFORMATION_FORMAT = dwarf;
				ENABLE_STRICT_OBJC_MSGSEND = YES;
				ENABLE_TESTABILITY = YES;
				GCC_C_LANGUAGE_STANDARD = gnu11;
				GCC_DYNAMIC_NO_PIC = NO;
				GCC_NO_COMMON_BLOCKS = YES;
				GCC_OPTIMIZATION_LEVEL = 0;
				GCC_PREPROCESSOR_DEFINITIONS = (
					"DEBUG=1",
					"$(inherited)",
				);
				GCC_WARN_64_TO_32_BIT_CONVERSION = YES;
				GCC_WARN_ABOUT_RETURN_TYPE = YES_ERROR;
				GCC_WARN_UNDECLARED_SELECTOR = YES;
				GCC_WARN_UNINITIALIZED_AUTOS = YES_AGGRESSIVE;
				GCC_WARN_UNUSED_FUNCTION = YES;
				GCC_WARN_UNUSED_VARIABLE = YES;
				IPHONEOS_DEPLOYMENT_TARGET = 16.0;
				MTL_ENABLE_DEBUG_INFO = INCLUDE_SOURCE;
				MTL_FAST_MATH = YES;
				ONLY_ACTIVE_ARCH = YES;
				SDKROOT = iphoneos;
				SWIFT_ACTIVE_COMPILATION_CONDITIONS = DEBUG;
				SWIFT_OPTIMIZATION_LEVEL = "-Onone";
			};
			name = Debug;
		};
		B04766F228DB6DFC00EE5675 /* Release */ = {
			isa = XCBuildConfiguration;
			buildSettings = {
				ALWAYS_SEARCH_USER_PATHS = NO;
				CLANG_ANALYZER_NONNULL = YES;
				CLANG_ANALYZER_NUMBER_OBJECT_CONVERSION = YES_AGGRESSIVE;
				CLANG_CXX_LANGUAGE_STANDARD = "gnu++20";
				CLANG_ENABLE_MODULES = YES;
				CLANG_ENABLE_OBJC_ARC = YES;
				CLANG_ENABLE_OBJC_WEAK = YES;
				CLANG_WARN_BLOCK_CAPTURE_AUTORELEASING = YES;
				CLANG_WARN_BOOL_CONVERSION = YES;
				CLANG_WARN_COMMA = YES;
				CLANG_WARN_CONSTANT_CONVERSION = YES;
				CLANG_WARN_DEPRECATED_OBJC_IMPLEMENTATIONS = YES;
				CLANG_WARN_DIRECT_OBJC_ISA_USAGE = YES_ERROR;
				CLANG_WARN_DOCUMENTATION_COMMENTS = YES;
				CLANG_WARN_EMPTY_BODY = YES;
				CLANG_WARN_ENUM_CONVERSION = YES;
				CLANG_WARN_INFINITE_RECURSION = YES;
				CLANG_WARN_INT_CONVERSION = YES;
				CLANG_WARN_NON_LITERAL_NULL_CONVERSION = YES;
				CLANG_WARN_OBJC_IMPLICIT_RETAIN_SELF = YES;
				CLANG_WARN_OBJC_LITERAL_CONVERSION = YES;
				CLANG_WARN_OBJC_ROOT_CLASS = YES_ERROR;
				CLANG_WARN_QUOTED_INCLUDE_IN_FRAMEWORK_HEADER = YES;
				CLANG_WARN_RANGE_LOOP_ANALYSIS = YES;
				CLANG_WARN_STRICT_PROTOTYPES = YES;
				CLANG_WARN_SUSPICIOUS_MOVE = YES;
				CLANG_WARN_UNGUARDED_AVAILABILITY = YES_AGGRESSIVE;
				CLANG_WARN_UNREACHABLE_CODE = YES;
				CLANG_WARN__DUPLICATE_METHOD_MATCH = YES;
				COPY_PHASE_STRIP = NO;
				DEBUG_INFORMATION_FORMAT = "dwarf-with-dsym";
				ENABLE_NS_ASSERTIONS = NO;
				ENABLE_STRICT_OBJC_MSGSEND = YES;
				GCC_C_LANGUAGE_STANDARD = gnu11;
				GCC_NO_COMMON_BLOCKS = YES;
				GCC_WARN_64_TO_32_BIT_CONVERSION = YES;
				GCC_WARN_ABOUT_RETURN_TYPE = YES_ERROR;
				GCC_WARN_UNDECLARED_SELECTOR = YES;
				GCC_WARN_UNINITIALIZED_AUTOS = YES_AGGRESSIVE;
				GCC_WARN_UNUSED_FUNCTION = YES;
				GCC_WARN_UNUSED_VARIABLE = YES;
				IPHONEOS_DEPLOYMENT_TARGET = 16.0;
				MTL_ENABLE_DEBUG_INFO = NO;
				MTL_FAST_MATH = YES;
				SDKROOT = iphoneos;
				SWIFT_COMPILATION_MODE = wholemodule;
				SWIFT_OPTIMIZATION_LEVEL = "-O";
				VALIDATE_PRODUCT = YES;
			};
			name = Release;
		};
		B04766F428DB6DFC00EE5675 /* Debug */ = {
			isa = XCBuildConfiguration;
			buildSettings = {
				ASSETCATALOG_COMPILER_APPICON_NAME = AppIcon;
				ASSETCATALOG_COMPILER_GLOBAL_ACCENT_COLOR_NAME = AccentColor;
				CODE_SIGN_STYLE = Automatic;
				CURRENT_PROJECT_VERSION = 1;
				DEVELOPMENT_TEAM = HU4P8J2639;
				GENERATE_INFOPLIST_FILE = YES;
				INFOPLIST_FILE = WeatherApp/Info.plist;
				INFOPLIST_KEY_UIApplicationSupportsIndirectInputEvents = YES;
				INFOPLIST_KEY_UILaunchStoryboardName = LaunchScreen;
				INFOPLIST_KEY_UIMainStoryboardFile = Main;
				INFOPLIST_KEY_UISupportedInterfaceOrientations_iPad = "UIInterfaceOrientationPortrait UIInterfaceOrientationPortraitUpsideDown UIInterfaceOrientationLandscapeLeft UIInterfaceOrientationLandscapeRight";
				INFOPLIST_KEY_UISupportedInterfaceOrientations_iPhone = "UIInterfaceOrientationPortrait UIInterfaceOrientationLandscapeLeft UIInterfaceOrientationLandscapeRight";
				IPHONEOS_DEPLOYMENT_TARGET = 14.0;
				LD_RUNPATH_SEARCH_PATHS = (
					"$(inherited)",
					"@executable_path/Frameworks",
				);
				MARKETING_VERSION = 1.0;
				PRODUCT_BUNDLE_IDENTIFIER = com.mefisto.WeatherApp;
				PRODUCT_NAME = "$(TARGET_NAME)";
				SWIFT_EMIT_LOC_STRINGS = YES;
				SWIFT_VERSION = 5.0;
				TARGETED_DEVICE_FAMILY = "1,2";
			};
			name = Debug;
		};
		B04766F528DB6DFC00EE5675 /* Release */ = {
			isa = XCBuildConfiguration;
			buildSettings = {
				ASSETCATALOG_COMPILER_APPICON_NAME = AppIcon;
				ASSETCATALOG_COMPILER_GLOBAL_ACCENT_COLOR_NAME = AccentColor;
				CODE_SIGN_STYLE = Automatic;
				CURRENT_PROJECT_VERSION = 1;
				DEVELOPMENT_TEAM = HU4P8J2639;
				GENERATE_INFOPLIST_FILE = YES;
				INFOPLIST_FILE = WeatherApp/Info.plist;
				INFOPLIST_KEY_UIApplicationSupportsIndirectInputEvents = YES;
				INFOPLIST_KEY_UILaunchStoryboardName = LaunchScreen;
				INFOPLIST_KEY_UIMainStoryboardFile = Main;
				INFOPLIST_KEY_UISupportedInterfaceOrientations_iPad = "UIInterfaceOrientationPortrait UIInterfaceOrientationPortraitUpsideDown UIInterfaceOrientationLandscapeLeft UIInterfaceOrientationLandscapeRight";
				INFOPLIST_KEY_UISupportedInterfaceOrientations_iPhone = "UIInterfaceOrientationPortrait UIInterfaceOrientationLandscapeLeft UIInterfaceOrientationLandscapeRight";
				IPHONEOS_DEPLOYMENT_TARGET = 14.0;
				LD_RUNPATH_SEARCH_PATHS = (
					"$(inherited)",
					"@executable_path/Frameworks",
				);
				MARKETING_VERSION = 1.0;
				PRODUCT_BUNDLE_IDENTIFIER = com.mefisto.WeatherApp;
				PRODUCT_NAME = "$(TARGET_NAME)";
				SWIFT_EMIT_LOC_STRINGS = YES;
				SWIFT_VERSION = 5.0;
				TARGETED_DEVICE_FAMILY = "1,2";
			};
			name = Release;
		};
/* End XCBuildConfiguration section */

/* Begin XCConfigurationList section */
		B04766DA28DB6DF900EE5675 /* Build configuration list for PBXProject "WeatherApp" */ = {
			isa = XCConfigurationList;
			buildConfigurations = (
				B04766F128DB6DFC00EE5675 /* Debug */,
				B04766F228DB6DFC00EE5675 /* Release */,
			);
			defaultConfigurationIsVisible = 0;
			defaultConfigurationName = Release;
		};
		B04766F328DB6DFC00EE5675 /* Build configuration list for PBXNativeTarget "WeatherApp" */ = {
			isa = XCConfigurationList;
			buildConfigurations = (
				B04766F428DB6DFC00EE5675 /* Debug */,
				B04766F528DB6DFC00EE5675 /* Release */,
			);
			defaultConfigurationIsVisible = 0;
			defaultConfigurationName = Release;
		};
/* End XCConfigurationList section */

/* Begin XCRemoteSwiftPackageReference section */
		B06F018928E2025E00B9FA8E /* XCRemoteSwiftPackageReference "RxSwift" */ = {
			isa = XCRemoteSwiftPackageReference;
			repositoryURL = "https://github.com/ReactiveX/RxSwift";
			requirement = {
				branch = main;
				kind = branch;
			};
		};
		B0B9CAD328DCA7B0008FB885 /* XCRemoteSwiftPackageReference "Alamofire" */ = {
			isa = XCRemoteSwiftPackageReference;
			repositoryURL = "https://github.com/Alamofire/Alamofire.git";
			requirement = {
				branch = master;
				kind = branch;
			};
		};
/* End XCRemoteSwiftPackageReference section */

/* Begin XCSwiftPackageProductDependency section */
		B06F018A28E2025E00B9FA8E /* RxCocoa */ = {
			isa = XCSwiftPackageProductDependency;
			package = B06F018928E2025E00B9FA8E /* XCRemoteSwiftPackageReference "RxSwift" */;
			productName = RxCocoa;
		};
		B06F018C28E2025E00B9FA8E /* RxSwift */ = {
			isa = XCSwiftPackageProductDependency;
			package = B06F018928E2025E00B9FA8E /* XCRemoteSwiftPackageReference "RxSwift" */;
			productName = RxSwift;
		};
		B0B9CAD428DCA7B0008FB885 /* Alamofire */ = {
			isa = XCSwiftPackageProductDependency;
			package = B0B9CAD328DCA7B0008FB885 /* XCRemoteSwiftPackageReference "Alamofire" */;
			productName = Alamofire;
		};
/* End XCSwiftPackageProductDependency section */
	};
	rootObject = B04766D728DB6DF900EE5675 /* Project object */;
}
